{
  "requires": true,
  "lockfileVersion": 1,
  "dependencies": {
    "ngx-drag-scroll": {
      "version": "12.0.0-beta.2",
      "resolved": "https://registry.npmjs.org/ngx-drag-scroll/-/ngx-drag-scroll-12.0.0-beta.2.tgz",
      "integrity": "sha512-IKBqV4pkWKgRcSBQRIfp701ty4OXT224ZPHTbg3DM9mxQXuqL2kGX+xhu58AgATutCw14Bl5kW1OCfPfJBCYHA==",
      "requires": {
        "tslib": "^2.1.0"
      }
    },
    "tslib": {
      "version": "2.3.1",
      "resolved": "https://registry.npmjs.org/tslib/-/tslib-2.3.1.tgz",
      "integrity": "sha512-77EbyPPpMz+FRFRuAFlWMtmgUWGe9UOG2Z25NqCwiIjRhOf5iKGuzSe5P2w1laq+FkRy4p+PCuVkJSGkzTEKVw=="
    }
  }
}
